
Microsoft Visual Studio Solution File, Format Version 12.00
# Visual Studio 15
VisualStudioVersion = 15.0.27703.2035
MinimumVisualStudioVersion = 10.0.40219.1
Project("{FAE04EC0-301F-11D3-BF4B-00C04F79EFBC}") = "TasksApi", "TasksApi\TasksApi.csproj", "{67001D05-E8D1-4D19-8A19-91E0CB21473E}"
EndProject
Global
	GlobalSection(SolutionConfigurationPlatforms) = preSolution
		Debug|Any CPU = Debug|Any CPU
		Release|Any CPU = Release|Any CPU
	EndGlobalSection
	GlobalSection(ProjectConfigurationPlatforms) = postSolution
		{67001D05-E8D1-4D19-8A19-91E0CB21473E}.Debug|Any CPU.ActiveCfg = Debug|Any CPU
		{67001D05-E8D1-4D19-8A19-91E0CB21473E}.Debug|Any CPU.Build.0 = Debug|Any CPU
		{67001D05-E8D1-4D19-8A19-91E0CB21473E}.Release|Any CPU.ActiveCfg = Release|Any CPU
		{67001D05-E8D1-4D19-8A19-91E0CB21473E}.Release|Any CPU.Build.0 = Release|Any CPU
	EndGlobalSection
	GlobalSection(SolutionProperties) = preSolution
		HideSolutionNode = FALSE
	EndGlobalSection
	GlobalSection(ExtensibilityGlobals) = postSolution
		SolutionGuid = {C5FC33DF-3611-4FEB-B7C5-EC1081E389B8}
	EndGlobalSection
EndGlobal
